
Microsoft Visual Studio Solution File, Format Version 12.00
# Visual Studio Version 17
VisualStudioVersion = 17.6.33712.159
MinimumVisualStudioVersion = 10.0.40219.1
Project("{FAE04EC0-301F-11D3-BF4B-00C04F79EFBC}") = "C#InvoiceApp", "C#InvoiceApp\C#InvoiceApp.csproj", "{D8C7A2D7-4FF9-4577-A8E2-BA9856750836}"
EndProject
Global
	GlobalSection(SolutionConfigurationPlatforms) = preSolution
		Debug|Any CPU = Debug|Any CPU
		Release|Any CPU = Release|Any CPU
	EndGlobalSection
	GlobalSection(ProjectConfigurationPlatforms) = postSolution
		{D8C7A2D7-4FF9-4577-A8E2-BA9856750836}.Debug|Any CPU.ActiveCfg = Debug|Any CPU
		{D8C7A2D7-4FF9-4577-A8E2-BA9856750836}.Debug|Any CPU.Build.0 = Debug|Any CPU
		{D8C7A2D7-4FF9-4577-A8E2-BA9856750836}.Release|Any CPU.ActiveCfg = Release|Any CPU
		{D8C7A2D7-4FF9-4577-A8E2-BA9856750836}.Release|Any CPU.Build.0 = Release|Any CPU
	EndGlobalSection
	GlobalSection(SolutionProperties) = preSolution
		HideSolutionNode = FALSE
	EndGlobalSection
	GlobalSection(ExtensibilityGlobals) = postSolution
		SolutionGuid = {596C4EF3-4223-4F26-A14C-08E1A2804E43}
	EndGlobalSection
EndGlobal
