
Microsoft Visual Studio Solution File, Format Version 12.00
# Visual Studio Version 17
VisualStudioVersion = 17.6.33712.159
MinimumVisualStudioVersion = 10.0.40219.1
Project("{FAE04EC0-301F-11D3-BF4B-00C04F79EFBC}") = "Invoice Console App", "Invoice Console App\Invoice Console App.csproj", "{671FA5CB-9877-4241-8D24-F9C904819537}"
EndProject
Global
	GlobalSection(SolutionConfigurationPlatforms) = preSolution
		Debug|Any CPU = Debug|Any CPU
		Release|Any CPU = Release|Any CPU
	EndGlobalSection
	GlobalSection(ProjectConfigurationPlatforms) = postSolution
		{671FA5CB-9877-4241-8D24-F9C904819537}.Debug|Any CPU.ActiveCfg = Debug|Any CPU
		{671FA5CB-9877-4241-8D24-F9C904819537}.Debug|Any CPU.Build.0 = Debug|Any CPU
		{671FA5CB-9877-4241-8D24-F9C904819537}.Release|Any CPU.ActiveCfg = Release|Any CPU
		{671FA5CB-9877-4241-8D24-F9C904819537}.Release|Any CPU.Build.0 = Release|Any CPU
	EndGlobalSection
	GlobalSection(SolutionProperties) = preSolution
		HideSolutionNode = FALSE
	EndGlobalSection
	GlobalSection(ExtensibilityGlobals) = postSolution
		SolutionGuid = {5D624C4D-7279-4C53-B8B8-6347FA27AA2F}
	EndGlobalSection
EndGlobal
